
Microsoft Visual Studio Solution File, Format Version 12.00
# Visual Studio Version 17
VisualStudioVersion = 17.6.33815.320
MinimumVisualStudioVersion = 10.0.40219.1
Project("{2150E333-8FDC-42A3-9474-1A3956D46DE8}") = "BuildingBlocks", "BuildingBlocks", "{36900629-17B2-4AB4-8BA1-B8BD86695710}"
EndProject
Project("{9A19103F-16F7-4668-BE54-9A1E7A4F7556}") = "BuildingBlock.Core.Domain", "BuildingBlocks\Core\BuildingBlock.Core.Domain\BuildingBlock.Core.Domain.csproj", "{0C755271-B2C3-4728-8AB5-8EE63666ED33}"
EndProject
Project("{2150E333-8FDC-42A3-9474-1A3956D46DE8}") = "Services", "Services", "{E6F7A20E-6AB5-46FA-BA37-2E63D93B4661}"
EndProject
Project("{9A19103F-16F7-4668-BE54-9A1E7A4F7556}") = "BuildingBlock.Infrastructure.EntityFrameworkCore", "BuildingBlocks\Infrastructure\BuildingBlock.Infrastructure.EntityFrameworkCore\BuildingBlock.Infrastructure.EntityFrameworkCore.csproj", "{A395856B-8B26-40F9-8CC8-34D8DC92B60B}"
EndProject
Project("{9A19103F-16F7-4668-BE54-9A1E7A4F7556}") = "APIGateway", "APIGateway\APIGateway.csproj", "{21370C15-0A19-4570-B1AE-6CCD18290E38}"
EndProject
Project("{2150E333-8FDC-42A3-9474-1A3956D46DE8}") = "DockerCompose", "DockerCompose", "{63B658D7-3949-494D-A453-9594DFE3E261}"
	ProjectSection(SolutionItems) = preProject
		docker-compose.yml = docker-compose.yml
	EndProjectSection
EndProject
Project("{FAE04EC0-301F-11D3-BF4B-00C04F79EFBC}") = "BuildingBlock.Presentation.API", "BuildingBlocks\Presentation\BuildingBlock.Presentation.API\BuildingBlock.Presentation.API.csproj", "{7DDD3293-5C96-4DEF-AB54-E47F77A8384D}"
EndProject
Project("{FAE04EC0-301F-11D3-BF4B-00C04F79EFBC}") = "BuildingBlock.Infrastructure.RabbitMQ", "BuildingBlocks\Infrastructure\BuildingBlock.Infrastructure.RabbitMQ\BuildingBlock.Infrastructure.RabbitMQ.csproj", "{9E316D38-E54B-4BEC-8B70-E90B24C4499C}"
EndProject
Project("{FAE04EC0-301F-11D3-BF4B-00C04F79EFBC}") = "BuildingBlock.Core.Application", "BuildingBlocks\Core\BuildingBlock.Core.Application\BuildingBlock.Core.Application.csproj", "{9A31EA61-B52D-4238-88C5-CF87CBFA82B8}"
EndProject
Project("{FAE04EC0-301F-11D3-BF4B-00C04F79EFBC}") = "IdentityManagement.Presentation.API", "Services\Identity\Presentation\IdentityManagement.Presentation.API\IdentityManagement.Presentation.API.csproj", "{68840D65-8A2C-4A41-9D94-2AF56DD791FE}"
EndProject
Project("{FAE04EC0-301F-11D3-BF4B-00C04F79EFBC}") = "IdentityManagement.Core.Application", "Services\Identity\Core\IdentityManagement.Core.Application\IdentityManagement.Core.Application.csproj", "{2295B9F6-0725-4246-853D-07998409D6A2}"
EndProject
Project("{FAE04EC0-301F-11D3-BF4B-00C04F79EFBC}") = "IdentityManagement.Core.Domain", "Services\Identity\Core\IdentityManagement.Core.Domain\IdentityManagement.Core.Domain.csproj", "{BF97C521-FEBD-434E-A10D-8CA98950BA34}"
EndProject
Project("{FAE04EC0-301F-11D3-BF4B-00C04F79EFBC}") = "IdentityManagement.Infrastructure.EntityFrameworkCore", "Services\Identity\Infrastructure\IdentityManagement.Infrastructure.EntityFrameworkCore\IdentityManagement.Infrastructure.EntityFrameworkCore.csproj", "{C5839B2D-91F4-437C-AF71-788DC779A427}"
EndProject
Project("{2150E333-8FDC-42A3-9474-1A3956D46DE8}") = "Identity", "Identity", "{F7ABDCB6-7892-4EB7-B8F1-51D51A3A9C16}"
EndProject
Project("{2150E333-8FDC-42A3-9474-1A3956D46DE8}") = "Core", "Core", "{34B3612F-C2C9-42FF-8A80-7AC0EA854413}"
EndProject
Project("{2150E333-8FDC-42A3-9474-1A3956D46DE8}") = "Presentation", "Presentation", "{3D02CBF5-CF4B-4646-8E89-22B358135B8B}"
EndProject
Project("{2150E333-8FDC-42A3-9474-1A3956D46DE8}") = "Infrastructure", "Infrastructure", "{6569A0BE-BD5F-44C6-A05A-4C01AC959F7D}"
EndProject
Project("{FAE04EC0-301F-11D3-BF4B-00C04F79EFBC}") = "BuildingBlock.Infrastructure.Identity", "BuildingBlocks\Infrastructure\BuildingBlock.Infrastructure.Identity\BuildingBlock.Infrastructure.Identity.csproj", "{C2618201-6CD0-4FCF-BB82-29BA5DCF63E8}"
EndProject
Project("{2150E333-8FDC-42A3-9474-1A3956D46DE8}") = "Presentation", "Presentation", "{DA80DCB4-714B-4458-B8B7-3CE68AE28019}"
EndProject
Project("{2150E333-8FDC-42A3-9474-1A3956D46DE8}") = "Core", "Core", "{040048BC-A442-43E1-8643-CED42DC9B6C6}"
EndProject
Project("{2150E333-8FDC-42A3-9474-1A3956D46DE8}") = "Infrastructure", "Infrastructure", "{83D93C5D-FCF1-4DD3-8505-A517E41309CB}"
EndProject
Project("{FAE04EC0-301F-11D3-BF4B-00C04F79EFBC}") = "BuildingBlock.Infrastructure.Redis", "BuildingBlocks\Infrastructure\BuildingBlock.Infrastructure.Redis\BuildingBlock.Infrastructure.Redis.csproj", "{9B1BBD9A-5422-4823-82F2-5DB6163A144A}"
EndProject
Project("{FAE04EC0-301F-11D3-BF4B-00C04F79EFBC}") = "IdentityManagement.Infrastructure.Identity", "Services\Identity\Infrastructure\IdentityManagement.Infrastructure.Identity\IdentityManagement.Infrastructure.Identity.csproj", "{44449388-AE96-4DE6-8688-E1D90E018211}"
EndProject
Project("{FAE04EC0-301F-11D3-BF4B-00C04F79EFBC}") = "BuildingBlock.Infrastructure.Serilog", "BuildingBlocks\Infrastructure\BuildingBlock.Infrastructure.Serilog\BuildingBlock.Infrastructure.Serilog.csproj", "{19F3D47E-3A6D-430B-836F-E50B0267C61F}"
EndProject
Project("{2150E333-8FDC-42A3-9474-1A3956D46DE8}") = "Shared", "Shared", "{C6079A08-CDCB-4D94-A2AC-B073A309B4CD}"
EndProject
Project("{2150E333-8FDC-42A3-9474-1A3956D46DE8}") = "Core", "Core", "{AA9BBED4-6298-48E9-A906-FD0649BF7F40}"
EndProject
Project("{2150E333-8FDC-42A3-9474-1A3956D46DE8}") = "Infrastructure", "Infrastructure", "{DDCA55C8-1647-4CC0-BAE2-9EB328A4A3F7}"
EndProject
Project("{2150E333-8FDC-42A3-9474-1A3956D46DE8}") = "Presentation", "Presentation", "{BB275227-6AC9-483D-AFDF-A9A74D818F19}"
EndProject
Project("{FAE04EC0-301F-11D3-BF4B-00C04F79EFBC}") = "Shared.Core.Application", "Services\Shared\Core\Shared.Core.Application\Shared.Core.Application.csproj", "{D9B2DDA1-B7BB-4EFB-B9B3-E7D425591370}"
EndProject
Project("{FAE04EC0-301F-11D3-BF4B-00C04F79EFBC}") = "Shared.Infrastructure.Cloudinary", "Services\Shared\Infrastructure\Shared.Infrastructure.Cloudinary\Shared.Infrastructure.Cloudinary.csproj", "{1B31CA52-2A9E-4946-80A4-60DF14AB4384}"
EndProject
Project("{FAE04EC0-301F-11D3-BF4B-00C04F79EFBC}") = "Shared.Presentation.API", "Services\Shared\Presentation\Shared.Presentation.API\Shared.Presentation.API.csproj", "{EF4C64F9-EA3A-4C5A-AA88-6AFB9801843F}"
EndProject
Project("{FAE04EC0-301F-11D3-BF4B-00C04F79EFBC}") = "BuildingBlock.Infrastructure.Mailkit", "BuildingBlocks\Infrastructure\BuildingBlock.Infrastructure.Mailkit\BuildingBlock.Infrastructure.Mailkit.csproj", "{77F2C3E5-970B-46B3-B368-A0E618D79B54}"
EndProject
Project("{2150E333-8FDC-42A3-9474-1A3956D46DE8}") = "Notification", "Notification", "{F9505664-2DEE-4BFF-A1B9-B7855054D9DB}"
EndProject
Project("{2150E333-8FDC-42A3-9474-1A3956D46DE8}") = "Core", "Core", "{BA513D93-4313-4742-AE2A-FFFDD3727043}"
EndProject
Project("{FAE04EC0-301F-11D3-BF4B-00C04F79EFBC}") = "NotificationManagement.Core.Application", "Services\Notification\Core\NotificationManagement.Core.Application\NotificationManagement.Core.Application.csproj", "{D789C5BC-613B-4DDC-AB04-5C34F68FA78A}"
EndProject
Project("{2150E333-8FDC-42A3-9474-1A3956D46DE8}") = "Infrastructure", "Infrastructure", "{EF6C24DE-86EC-469F-BEE9-2EE8985DC3BB}"
EndProject
Project("{FAE04EC0-301F-11D3-BF4B-00C04F79EFBC}") = "NotificationManagement.Infrastructure.Firebase", "Services\Notification\Infrastructure\NotificationManagement.Infrastructure.Firebase\NotificationManagement.Infrastructure.Firebase.csproj", "{1F12C0B2-94A1-4149-A658-74C356B29CC1}"
EndProject
Project("{FAE04EC0-301F-11D3-BF4B-00C04F79EFBC}") = "NotificationManagement.Infrastructure.EntityFrameworkCore", "Services\Notification\Infrastructure\NotificationManagement.Infrastructure.EntityFrameworkCore\NotificationManagement.Infrastructure.EntityFrameworkCore.csproj", "{B0EBB69A-16E1-484C-9A5D-6ABAD7A4295E}"
EndProject
Project("{2150E333-8FDC-42A3-9474-1A3956D46DE8}") = "Presentation", "Presentation", "{81D185FB-7E6A-4627-A784-2FF45B887884}"
EndProject
Project("{FAE04EC0-301F-11D3-BF4B-00C04F79EFBC}") = "NotificationManagement.Presentation.API", "Services\Notification\Presentation\NotificationManagement.Presentation.API\NotificationManagement.Presentation.API.csproj", "{FF6E658B-2363-45A3-BB26-7E7E164ABE9D}"
EndProject
Project("{FAE04EC0-301F-11D3-BF4B-00C04F79EFBC}") = "NotificationManagement.Core.Domain", "Services\Notification\Core\NotificationManagement.Core.Domain\NotificationManagement.Core.Domain.csproj", "{255A8D6C-8635-4290-BA56-44229ECD4211}"
EndProject
Project("{FAE04EC0-301F-11D3-BF4B-00C04F79EFBC}") = "IdentityManagement.Infrastructure.SingleSignOn", "Services\Identity\Infrastructure\IdentityManagement.Infrastructure.SingleSignOn\IdentityManagement.Infrastructure.SingleSignOn.csproj", "{5451548E-0622-43A1-95D1-A80DCE426D2B}"
EndProject
Global
	GlobalSection(SolutionConfigurationPlatforms) = preSolution
		Debug|Any CPU = Debug|Any CPU
		Release|Any CPU = Release|Any CPU
	EndGlobalSection
	GlobalSection(ProjectConfigurationPlatforms) = postSolution
		{0C755271-B2C3-4728-8AB5-8EE63666ED33}.Debug|Any CPU.ActiveCfg = Debug|Any CPU
		{0C755271-B2C3-4728-8AB5-8EE63666ED33}.Debug|Any CPU.Build.0 = Debug|Any CPU
		{0C755271-B2C3-4728-8AB5-8EE63666ED33}.Release|Any CPU.ActiveCfg = Release|Any CPU
		{0C755271-B2C3-4728-8AB5-8EE63666ED33}.Release|Any CPU.Build.0 = Release|Any CPU
		{A395856B-8B26-40F9-8CC8-34D8DC92B60B}.Debug|Any CPU.ActiveCfg = Debug|Any CPU
		{A395856B-8B26-40F9-8CC8-34D8DC92B60B}.Debug|Any CPU.Build.0 = Debug|Any CPU
		{A395856B-8B26-40F9-8CC8-34D8DC92B60B}.Release|Any CPU.ActiveCfg = Release|Any CPU
		{A395856B-8B26-40F9-8CC8-34D8DC92B60B}.Release|Any CPU.Build.0 = Release|Any CPU
		{21370C15-0A19-4570-B1AE-6CCD18290E38}.Debug|Any CPU.ActiveCfg = Debug|Any CPU
		{21370C15-0A19-4570-B1AE-6CCD18290E38}.Debug|Any CPU.Build.0 = Debug|Any CPU
		{21370C15-0A19-4570-B1AE-6CCD18290E38}.Release|Any CPU.ActiveCfg = Release|Any CPU
		{21370C15-0A19-4570-B1AE-6CCD18290E38}.Release|Any CPU.Build.0 = Release|Any CPU
		{7DDD3293-5C96-4DEF-AB54-E47F77A8384D}.Debug|Any CPU.ActiveCfg = Debug|Any CPU
		{7DDD3293-5C96-4DEF-AB54-E47F77A8384D}.Debug|Any CPU.Build.0 = Debug|Any CPU
		{7DDD3293-5C96-4DEF-AB54-E47F77A8384D}.Release|Any CPU.ActiveCfg = Release|Any CPU
		{7DDD3293-5C96-4DEF-AB54-E47F77A8384D}.Release|Any CPU.Build.0 = Release|Any CPU
		{9E316D38-E54B-4BEC-8B70-E90B24C4499C}.Debug|Any CPU.ActiveCfg = Debug|Any CPU
		{9E316D38-E54B-4BEC-8B70-E90B24C4499C}.Debug|Any CPU.Build.0 = Debug|Any CPU
		{9E316D38-E54B-4BEC-8B70-E90B24C4499C}.Release|Any CPU.ActiveCfg = Release|Any CPU
		{9E316D38-E54B-4BEC-8B70-E90B24C4499C}.Release|Any CPU.Build.0 = Release|Any CPU
		{9A31EA61-B52D-4238-88C5-CF87CBFA82B8}.Debug|Any CPU.ActiveCfg = Debug|Any CPU
		{9A31EA61-B52D-4238-88C5-CF87CBFA82B8}.Debug|Any CPU.Build.0 = Debug|Any CPU
		{9A31EA61-B52D-4238-88C5-CF87CBFA82B8}.Release|Any CPU.ActiveCfg = Release|Any CPU
		{9A31EA61-B52D-4238-88C5-CF87CBFA82B8}.Release|Any CPU.Build.0 = Release|Any CPU
		{68840D65-8A2C-4A41-9D94-2AF56DD791FE}.Debug|Any CPU.ActiveCfg = Debug|Any CPU
		{68840D65-8A2C-4A41-9D94-2AF56DD791FE}.Debug|Any CPU.Build.0 = Debug|Any CPU
		{68840D65-8A2C-4A41-9D94-2AF56DD791FE}.Release|Any CPU.ActiveCfg = Release|Any CPU
		{68840D65-8A2C-4A41-9D94-2AF56DD791FE}.Release|Any CPU.Build.0 = Release|Any CPU
		{2295B9F6-0725-4246-853D-07998409D6A2}.Debug|Any CPU.ActiveCfg = Debug|Any CPU
		{2295B9F6-0725-4246-853D-07998409D6A2}.Debug|Any CPU.Build.0 = Debug|Any CPU
		{2295B9F6-0725-4246-853D-07998409D6A2}.Release|Any CPU.ActiveCfg = Release|Any CPU
		{2295B9F6-0725-4246-853D-07998409D6A2}.Release|Any CPU.Build.0 = Release|Any CPU
		{BF97C521-FEBD-434E-A10D-8CA98950BA34}.Debug|Any CPU.ActiveCfg = Debug|Any CPU
		{BF97C521-FEBD-434E-A10D-8CA98950BA34}.Debug|Any CPU.Build.0 = Debug|Any CPU
		{BF97C521-FEBD-434E-A10D-8CA98950BA34}.Release|Any CPU.ActiveCfg = Release|Any CPU
		{BF97C521-FEBD-434E-A10D-8CA98950BA34}.Release|Any CPU.Build.0 = Release|Any CPU
		{C5839B2D-91F4-437C-AF71-788DC779A427}.Debug|Any CPU.ActiveCfg = Debug|Any CPU
		{C5839B2D-91F4-437C-AF71-788DC779A427}.Debug|Any CPU.Build.0 = Debug|Any CPU
		{C5839B2D-91F4-437C-AF71-788DC779A427}.Release|Any CPU.ActiveCfg = Release|Any CPU
		{C5839B2D-91F4-437C-AF71-788DC779A427}.Release|Any CPU.Build.0 = Release|Any CPU
		{C2618201-6CD0-4FCF-BB82-29BA5DCF63E8}.Debug|Any CPU.ActiveCfg = Debug|Any CPU
		{C2618201-6CD0-4FCF-BB82-29BA5DCF63E8}.Debug|Any CPU.Build.0 = Debug|Any CPU
		{C2618201-6CD0-4FCF-BB82-29BA5DCF63E8}.Release|Any CPU.ActiveCfg = Release|Any CPU
		{C2618201-6CD0-4FCF-BB82-29BA5DCF63E8}.Release|Any CPU.Build.0 = Release|Any CPU
		{9B1BBD9A-5422-4823-82F2-5DB6163A144A}.Debug|Any CPU.ActiveCfg = Debug|Any CPU
		{9B1BBD9A-5422-4823-82F2-5DB6163A144A}.Debug|Any CPU.Build.0 = Debug|Any CPU
		{9B1BBD9A-5422-4823-82F2-5DB6163A144A}.Release|Any CPU.ActiveCfg = Release|Any CPU
		{9B1BBD9A-5422-4823-82F2-5DB6163A144A}.Release|Any CPU.Build.0 = Release|Any CPU
		{44449388-AE96-4DE6-8688-E1D90E018211}.Debug|Any CPU.ActiveCfg = Debug|Any CPU
		{44449388-AE96-4DE6-8688-E1D90E018211}.Debug|Any CPU.Build.0 = Debug|Any CPU
		{44449388-AE96-4DE6-8688-E1D90E018211}.Release|Any CPU.ActiveCfg = Release|Any CPU
		{44449388-AE96-4DE6-8688-E1D90E018211}.Release|Any CPU.Build.0 = Release|Any CPU
		{19F3D47E-3A6D-430B-836F-E50B0267C61F}.Debug|Any CPU.ActiveCfg = Debug|Any CPU
		{19F3D47E-3A6D-430B-836F-E50B0267C61F}.Debug|Any CPU.Build.0 = Debug|Any CPU
		{19F3D47E-3A6D-430B-836F-E50B0267C61F}.Release|Any CPU.ActiveCfg = Release|Any CPU
		{19F3D47E-3A6D-430B-836F-E50B0267C61F}.Release|Any CPU.Build.0 = Release|Any CPU
		{D9B2DDA1-B7BB-4EFB-B9B3-E7D425591370}.Debug|Any CPU.ActiveCfg = Debug|Any CPU
		{D9B2DDA1-B7BB-4EFB-B9B3-E7D425591370}.Debug|Any CPU.Build.0 = Debug|Any CPU
		{D9B2DDA1-B7BB-4EFB-B9B3-E7D425591370}.Release|Any CPU.ActiveCfg = Release|Any CPU
		{D9B2DDA1-B7BB-4EFB-B9B3-E7D425591370}.Release|Any CPU.Build.0 = Release|Any CPU
		{1B31CA52-2A9E-4946-80A4-60DF14AB4384}.Debug|Any CPU.ActiveCfg = Debug|Any CPU
		{1B31CA52-2A9E-4946-80A4-60DF14AB4384}.Debug|Any CPU.Build.0 = Debug|Any CPU
		{1B31CA52-2A9E-4946-80A4-60DF14AB4384}.Release|Any CPU.ActiveCfg = Release|Any CPU
		{1B31CA52-2A9E-4946-80A4-60DF14AB4384}.Release|Any CPU.Build.0 = Release|Any CPU
		{EF4C64F9-EA3A-4C5A-AA88-6AFB9801843F}.Debug|Any CPU.ActiveCfg = Debug|Any CPU
		{EF4C64F9-EA3A-4C5A-AA88-6AFB9801843F}.Debug|Any CPU.Build.0 = Debug|Any CPU
		{EF4C64F9-EA3A-4C5A-AA88-6AFB9801843F}.Release|Any CPU.ActiveCfg = Release|Any CPU
		{EF4C64F9-EA3A-4C5A-AA88-6AFB9801843F}.Release|Any CPU.Build.0 = Release|Any CPU
		{77F2C3E5-970B-46B3-B368-A0E618D79B54}.Debug|Any CPU.ActiveCfg = Debug|Any CPU
		{77F2C3E5-970B-46B3-B368-A0E618D79B54}.Debug|Any CPU.Build.0 = Debug|Any CPU
		{77F2C3E5-970B-46B3-B368-A0E618D79B54}.Release|Any CPU.ActiveCfg = Release|Any CPU
		{77F2C3E5-970B-46B3-B368-A0E618D79B54}.Release|Any CPU.Build.0 = Release|Any CPU
		{D789C5BC-613B-4DDC-AB04-5C34F68FA78A}.Debug|Any CPU.ActiveCfg = Debug|Any CPU
		{D789C5BC-613B-4DDC-AB04-5C34F68FA78A}.Debug|Any CPU.Build.0 = Debug|Any CPU
		{D789C5BC-613B-4DDC-AB04-5C34F68FA78A}.Release|Any CPU.ActiveCfg = Release|Any CPU
		{D789C5BC-613B-4DDC-AB04-5C34F68FA78A}.Release|Any CPU.Build.0 = Release|Any CPU
		{1F12C0B2-94A1-4149-A658-74C356B29CC1}.Debug|Any CPU.ActiveCfg = Debug|Any CPU
		{1F12C0B2-94A1-4149-A658-74C356B29CC1}.Debug|Any CPU.Build.0 = Debug|Any CPU
		{1F12C0B2-94A1-4149-A658-74C356B29CC1}.Release|Any CPU.ActiveCfg = Release|Any CPU
		{1F12C0B2-94A1-4149-A658-74C356B29CC1}.Release|Any CPU.Build.0 = Release|Any CPU
		{B0EBB69A-16E1-484C-9A5D-6ABAD7A4295E}.Debug|Any CPU.ActiveCfg = Debug|Any CPU
		{B0EBB69A-16E1-484C-9A5D-6ABAD7A4295E}.Debug|Any CPU.Build.0 = Debug|Any CPU
		{B0EBB69A-16E1-484C-9A5D-6ABAD7A4295E}.Release|Any CPU.ActiveCfg = Release|Any CPU
		{B0EBB69A-16E1-484C-9A5D-6ABAD7A4295E}.Release|Any CPU.Build.0 = Release|Any CPU
		{FF6E658B-2363-45A3-BB26-7E7E164ABE9D}.Debug|Any CPU.ActiveCfg = Debug|Any CPU
		{FF6E658B-2363-45A3-BB26-7E7E164ABE9D}.Debug|Any CPU.Build.0 = Debug|Any CPU
		{FF6E658B-2363-45A3-BB26-7E7E164ABE9D}.Release|Any CPU.ActiveCfg = Release|Any CPU
		{FF6E658B-2363-45A3-BB26-7E7E164ABE9D}.Release|Any CPU.Build.0 = Release|Any CPU
		{255A8D6C-8635-4290-BA56-44229ECD4211}.Debug|Any CPU.ActiveCfg = Debug|Any CPU
		{255A8D6C-8635-4290-BA56-44229ECD4211}.Debug|Any CPU.Build.0 = Debug|Any CPU
		{255A8D6C-8635-4290-BA56-44229ECD4211}.Release|Any CPU.ActiveCfg = Release|Any CPU
		{255A8D6C-8635-4290-BA56-44229ECD4211}.Release|Any CPU.Build.0 = Release|Any CPU
		{5451548E-0622-43A1-95D1-A80DCE426D2B}.Debug|Any CPU.ActiveCfg = Debug|Any CPU
		{5451548E-0622-43A1-95D1-A80DCE426D2B}.Debug|Any CPU.Build.0 = Debug|Any CPU
		{5451548E-0622-43A1-95D1-A80DCE426D2B}.Release|Any CPU.ActiveCfg = Release|Any CPU
		{5451548E-0622-43A1-95D1-A80DCE426D2B}.Release|Any CPU.Build.0 = Release|Any CPU
	EndGlobalSection
	GlobalSection(SolutionProperties) = preSolution
		HideSolutionNode = FALSE
	EndGlobalSection
	GlobalSection(NestedProjects) = preSolution
		{F7ABDCB6-7892-4EB7-B8F1-51D51A3A9C16} = {E6F7A20E-6AB5-46FA-BA37-2E63D93B4661}
		{34B3612F-C2C9-42FF-8A80-7AC0EA854413} = {F7ABDCB6-7892-4EB7-B8F1-51D51A3A9C16}
		{3D02CBF5-CF4B-4646-8E89-22B358135B8B} = {F7ABDCB6-7892-4EB7-B8F1-51D51A3A9C16}
		{6569A0BE-BD5F-44C6-A05A-4C01AC959F7D} = {F7ABDCB6-7892-4EB7-B8F1-51D51A3A9C16}
		{68840D65-8A2C-4A41-9D94-2AF56DD791FE} = {3D02CBF5-CF4B-4646-8E89-22B358135B8B}
		{2295B9F6-0725-4246-853D-07998409D6A2} = {34B3612F-C2C9-42FF-8A80-7AC0EA854413}
		{BF97C521-FEBD-434E-A10D-8CA98950BA34} = {34B3612F-C2C9-42FF-8A80-7AC0EA854413}
		{C5839B2D-91F4-437C-AF71-788DC779A427} = {6569A0BE-BD5F-44C6-A05A-4C01AC959F7D}
		{DA80DCB4-714B-4458-B8B7-3CE68AE28019} = {36900629-17B2-4AB4-8BA1-B8BD86695710}
		{040048BC-A442-43E1-8643-CED42DC9B6C6} = {36900629-17B2-4AB4-8BA1-B8BD86695710}
		{83D93C5D-FCF1-4DD3-8505-A517E41309CB} = {36900629-17B2-4AB4-8BA1-B8BD86695710}
		{7DDD3293-5C96-4DEF-AB54-E47F77A8384D} = {DA80DCB4-714B-4458-B8B7-3CE68AE28019}
		{9A31EA61-B52D-4238-88C5-CF87CBFA82B8} = {040048BC-A442-43E1-8643-CED42DC9B6C6}
		{0C755271-B2C3-4728-8AB5-8EE63666ED33} = {040048BC-A442-43E1-8643-CED42DC9B6C6}
		{A395856B-8B26-40F9-8CC8-34D8DC92B60B} = {83D93C5D-FCF1-4DD3-8505-A517E41309CB}
		{9E316D38-E54B-4BEC-8B70-E90B24C4499C} = {83D93C5D-FCF1-4DD3-8505-A517E41309CB}
		{C2618201-6CD0-4FCF-BB82-29BA5DCF63E8} = {83D93C5D-FCF1-4DD3-8505-A517E41309CB}
		{9B1BBD9A-5422-4823-82F2-5DB6163A144A} = {83D93C5D-FCF1-4DD3-8505-A517E41309CB}
		{44449388-AE96-4DE6-8688-E1D90E018211} = {6569A0BE-BD5F-44C6-A05A-4C01AC959F7D}
		{19F3D47E-3A6D-430B-836F-E50B0267C61F} = {83D93C5D-FCF1-4DD3-8505-A517E41309CB}
		{C6079A08-CDCB-4D94-A2AC-B073A309B4CD} = {E6F7A20E-6AB5-46FA-BA37-2E63D93B4661}
		{AA9BBED4-6298-48E9-A906-FD0649BF7F40} = {C6079A08-CDCB-4D94-A2AC-B073A309B4CD}
		{DDCA55C8-1647-4CC0-BAE2-9EB328A4A3F7} = {C6079A08-CDCB-4D94-A2AC-B073A309B4CD}
		{BB275227-6AC9-483D-AFDF-A9A74D818F19} = {C6079A08-CDCB-4D94-A2AC-B073A309B4CD}
		{D9B2DDA1-B7BB-4EFB-B9B3-E7D425591370} = {AA9BBED4-6298-48E9-A906-FD0649BF7F40}
		{1B31CA52-2A9E-4946-80A4-60DF14AB4384} = {DDCA55C8-1647-4CC0-BAE2-9EB328A4A3F7}
		{EF4C64F9-EA3A-4C5A-AA88-6AFB9801843F} = {BB275227-6AC9-483D-AFDF-A9A74D818F19}
		{77F2C3E5-970B-46B3-B368-A0E618D79B54} = {83D93C5D-FCF1-4DD3-8505-A517E41309CB}
		{F9505664-2DEE-4BFF-A1B9-B7855054D9DB} = {E6F7A20E-6AB5-46FA-BA37-2E63D93B4661}
		{BA513D93-4313-4742-AE2A-FFFDD3727043} = {F9505664-2DEE-4BFF-A1B9-B7855054D9DB}
		{D789C5BC-613B-4DDC-AB04-5C34F68FA78A} = {BA513D93-4313-4742-AE2A-FFFDD3727043}
		{EF6C24DE-86EC-469F-BEE9-2EE8985DC3BB} = {F9505664-2DEE-4BFF-A1B9-B7855054D9DB}
		{1F12C0B2-94A1-4149-A658-74C356B29CC1} = {EF6C24DE-86EC-469F-BEE9-2EE8985DC3BB}
		{B0EBB69A-16E1-484C-9A5D-6ABAD7A4295E} = {EF6C24DE-86EC-469F-BEE9-2EE8985DC3BB}
		{81D185FB-7E6A-4627-A784-2FF45B887884} = {F9505664-2DEE-4BFF-A1B9-B7855054D9DB}
		{FF6E658B-2363-45A3-BB26-7E7E164ABE9D} = {81D185FB-7E6A-4627-A784-2FF45B887884}
		{255A8D6C-8635-4290-BA56-44229ECD4211} = {BA513D93-4313-4742-AE2A-FFFDD3727043}
		{5451548E-0622-43A1-95D1-A80DCE426D2B} = {6569A0BE-BD5F-44C6-A05A-4C01AC959F7D}
	EndGlobalSection
	GlobalSection(ExtensibilityGlobals) = postSolution
		SolutionGuid = {AD7BE055-5997-458D-BEE0-619101DD6E4F}
	EndGlobalSection
EndGlobal
