
Microsoft Visual Studio Solution File, Format Version 12.00
# Visual Studio Version 17
VisualStudioVersion = 17.6.33815.320
MinimumVisualStudioVersion = 10.0.40219.1
Project("{2150E333-8FDC-42A3-9474-1A3956D46DE8}") = "BuildingBlocks", "BuildingBlocks", "{36900629-17B2-4AB4-8BA1-B8BD86695710}"
EndProject
Project("{9A19103F-16F7-4668-BE54-9A1E7A4F7556}") = "BuildingBlock.Domain", "BuildingBlocks\BuildingBlock.Domain\BuildingBlock.Domain.csproj", "{0C755271-B2C3-4728-8AB5-8EE63666ED33}"
EndProject
Project("{2150E333-8FDC-42A3-9474-1A3956D46DE8}") = "Services", "Services", "{E6F7A20E-6AB5-46FA-BA37-2E63D93B4661}"
EndProject
Project("{2150E333-8FDC-42A3-9474-1A3956D46DE8}") = "Products", "Products", "{109832E2-2984-4C49-B0C1-7309B3DB4DAB}"
EndProject
Project("{2150E333-8FDC-42A3-9474-1A3956D46DE8}") = "Presentation", "Presentation", "{48551DB2-DA5D-481F-B6C7-3C4373BAB214}"
EndProject
Project("{9A19103F-16F7-4668-BE54-9A1E7A4F7556}") = "TinyCRM.Products.API", "Services\Products\Presentation\TinyCRM.Products.API\TinyCRM.Products.API.csproj", "{E8E61E18-3913-4E0D-9A5F-7E337E1FAE4A}"
EndProject
Project("{2150E333-8FDC-42A3-9474-1A3956D46DE8}") = "Core", "Core", "{DD4554BB-C854-441F-9BAC-7A27C07F6E97}"
EndProject
Project("{9A19103F-16F7-4668-BE54-9A1E7A4F7556}") = "TinyCRM.Products.Application", "Services\Products\Core\TinyCRM.Products.Application\TinyCRM.Products.Application.csproj", "{5BA8D984-AD04-4B9F-8A6C-61D61DBCAD48}"
EndProject
Project("{9A19103F-16F7-4668-BE54-9A1E7A4F7556}") = "TinyCRM.Products.Domain", "Services\Products\Core\TinyCRM.Products.Domain\TinyCRM.Products.Domain.csproj", "{51EC404C-8F3A-4EAB-93E7-26D8105EA3D3}"
EndProject
Project("{2150E333-8FDC-42A3-9474-1A3956D46DE8}") = "Infrastructure", "Infrastructure", "{13ACEA21-B126-41E9-B35E-AAB147F2FE4F}"
EndProject
Project("{9A19103F-16F7-4668-BE54-9A1E7A4F7556}") = "TinyCRM.Products.EntityFrameworkCore", "Services\Products\Infrastructure\TinyCRM.Products.EntityFrameworkCore\TinyCRM.Products.EntityFrameworkCore.csproj", "{6ABD3C77-321A-4CFD-8B57-A58A52AB7698}"
EndProject
Project("{9A19103F-16F7-4668-BE54-9A1E7A4F7556}") = "BuildingBlock.EntityFrameworkCore", "BuildingBlocks\BuildingBlock.EntityFrameworkCore\BuildingBlock.EntityFrameworkCore.csproj", "{A395856B-8B26-40F9-8CC8-34D8DC92B60B}"
EndProject
Project("{9A19103F-16F7-4668-BE54-9A1E7A4F7556}") = "APIGateway", "APIGateway\APIGateway.csproj", "{21370C15-0A19-4570-B1AE-6CCD18290E38}"
EndProject
Project("{2150E333-8FDC-42A3-9474-1A3956D46DE8}") = "Sales", "Sales", "{79B78A98-AC05-4430-A2B3-F36FCE872BEF}"
EndProject
Project("{2150E333-8FDC-42A3-9474-1A3956D46DE8}") = "Presentation", "Presentation", "{3ED0DFE3-F289-412A-80DA-06285AB42E6F}"
EndProject
Project("{9A19103F-16F7-4668-BE54-9A1E7A4F7556}") = "TinyCRM.Sales.API", "Services\Sales\Presentation\TinyCRM.Sales.API\TinyCRM.Sales.API.csproj", "{0D304855-E242-4D8C-A173-FC35DA236AED}"
EndProject
Project("{2150E333-8FDC-42A3-9474-1A3956D46DE8}") = "Core", "Core", "{7DC85928-C843-42E5-A8A8-B962CE387985}"
EndProject
Project("{9A19103F-16F7-4668-BE54-9A1E7A4F7556}") = "TinyCRM.Sales.Application", "Services\Sales\Core\TinyCRM.Sales.Application\TinyCRM.Sales.Application.csproj", "{50E2DAE4-6137-4028-B885-808310187E47}"
EndProject
Project("{9A19103F-16F7-4668-BE54-9A1E7A4F7556}") = "TinyCRM.Sales.Domain", "Services\Sales\Core\TinyCRM.Sales.Domain\TinyCRM.Sales.Domain.csproj", "{631A22BC-AC4C-4EC7-88C6-9901EA74E86C}"
EndProject
Project("{2150E333-8FDC-42A3-9474-1A3956D46DE8}") = "Infrastructure", "Infrastructure", "{02C681E7-D0DB-4A7E-B8AD-A45F75216877}"
EndProject
Project("{9A19103F-16F7-4668-BE54-9A1E7A4F7556}") = "TinyCRM.Sales.EntityFrameworkCore", "Services\Sales\Infrastructure\TinyCRM.Sales.EntityFrameworkCore\TinyCRM.Sales.EntityFrameworkCore.csproj", "{0AEF4F47-AF5B-45F5-86F3-868B68091B90}"
EndProject
Project("{2150E333-8FDC-42A3-9474-1A3956D46DE8}") = "DockerCompose", "DockerCompose", "{63B658D7-3949-494D-A453-9594DFE3E261}"
	ProjectSection(SolutionItems) = preProject
		docker-compose.yml = docker-compose.yml
	EndProjectSection
EndProject
Project("{FAE04EC0-301F-11D3-BF4B-00C04F79EFBC}") = "BuildingBlock.API", "BuildingBlocks\BuildingBlock.API\BuildingBlock.API.csproj", "{7DDD3293-5C96-4DEF-AB54-E47F77A8384D}"
EndProject
Project("{FAE04EC0-301F-11D3-BF4B-00C04F79EFBC}") = "BuildingBlock.RabbitMQ", "BuildingBlocks\BuildingBlock.RabbitMQ\BuildingBlock.RabbitMQ.csproj", "{9E316D38-E54B-4BEC-8B70-E90B24C4499C}"
EndProject
Project("{FAE04EC0-301F-11D3-BF4B-00C04F79EFBC}") = "BuildingBlock.Application", "BuildingBlocks\BuildingBlock.Application\BuildingBlock.Application.csproj", "{9A31EA61-B52D-4238-88C5-CF87CBFA82B8}"
EndProject
Project("{FAE04EC0-301F-11D3-BF4B-00C04F79EFBC}") = "TinyCRM.Identity.API", "Services\Identity\Presentation\TinyCRM.Identity.API\TinyCRM.Identity.API.csproj", "{68840D65-8A2C-4A41-9D94-2AF56DD791FE}"
EndProject
Project("{FAE04EC0-301F-11D3-BF4B-00C04F79EFBC}") = "TinyCRM.Identity.Application", "Services\Identity\Core\TinyCRM.Identity.Application\TinyCRM.Identity.Application.csproj", "{2295B9F6-0725-4246-853D-07998409D6A2}"
EndProject
Project("{FAE04EC0-301F-11D3-BF4B-00C04F79EFBC}") = "TinyCRM.Identity.Domain", "Services\Identity\Core\TinyCRM.Identity.Domain\TinyCRM.Identity.Domain.csproj", "{BF97C521-FEBD-434E-A10D-8CA98950BA34}"
EndProject
Project("{FAE04EC0-301F-11D3-BF4B-00C04F79EFBC}") = "TinyCRM.Identity.EntityFrameworkCore", "Services\Identity\Infrastructure\TinyCRM.Identity.EntityFrameworkCore\TinyCRM.Identity.EntityFrameworkCore.csproj", "{C5839B2D-91F4-437C-AF71-788DC779A427}"
EndProject
Project("{2150E333-8FDC-42A3-9474-1A3956D46DE8}") = "Identity", "Identity", "{F7ABDCB6-7892-4EB7-B8F1-51D51A3A9C16}"
EndProject
Project("{2150E333-8FDC-42A3-9474-1A3956D46DE8}") = "Core", "Core", "{34B3612F-C2C9-42FF-8A80-7AC0EA854413}"
EndProject
Project("{2150E333-8FDC-42A3-9474-1A3956D46DE8}") = "Presentation", "Presentation", "{3D02CBF5-CF4B-4646-8E89-22B358135B8B}"
EndProject
Project("{2150E333-8FDC-42A3-9474-1A3956D46DE8}") = "Infrastructure", "Infrastructure", "{6569A0BE-BD5F-44C6-A05A-4C01AC959F7D}"
EndProject
Project("{FAE04EC0-301F-11D3-BF4B-00C04F79EFBC}") = "BuildingBlocks.Identity", "BuildingBlocks\BuildingBlocks.Identity\BuildingBlocks.Identity.csproj", "{C2618201-6CD0-4FCF-BB82-29BA5DCF63E8}"
EndProject
Global
	GlobalSection(SolutionConfigurationPlatforms) = preSolution
		Debug|Any CPU = Debug|Any CPU
		Release|Any CPU = Release|Any CPU
	EndGlobalSection
	GlobalSection(ProjectConfigurationPlatforms) = postSolution
		{0C755271-B2C3-4728-8AB5-8EE63666ED33}.Debug|Any CPU.ActiveCfg = Debug|Any CPU
		{0C755271-B2C3-4728-8AB5-8EE63666ED33}.Debug|Any CPU.Build.0 = Debug|Any CPU
		{0C755271-B2C3-4728-8AB5-8EE63666ED33}.Release|Any CPU.ActiveCfg = Release|Any CPU
		{0C755271-B2C3-4728-8AB5-8EE63666ED33}.Release|Any CPU.Build.0 = Release|Any CPU
		{E8E61E18-3913-4E0D-9A5F-7E337E1FAE4A}.Debug|Any CPU.ActiveCfg = Debug|Any CPU
		{E8E61E18-3913-4E0D-9A5F-7E337E1FAE4A}.Debug|Any CPU.Build.0 = Debug|Any CPU
		{E8E61E18-3913-4E0D-9A5F-7E337E1FAE4A}.Release|Any CPU.ActiveCfg = Release|Any CPU
		{E8E61E18-3913-4E0D-9A5F-7E337E1FAE4A}.Release|Any CPU.Build.0 = Release|Any CPU
		{5BA8D984-AD04-4B9F-8A6C-61D61DBCAD48}.Debug|Any CPU.ActiveCfg = Debug|Any CPU
		{5BA8D984-AD04-4B9F-8A6C-61D61DBCAD48}.Debug|Any CPU.Build.0 = Debug|Any CPU
		{5BA8D984-AD04-4B9F-8A6C-61D61DBCAD48}.Release|Any CPU.ActiveCfg = Release|Any CPU
		{5BA8D984-AD04-4B9F-8A6C-61D61DBCAD48}.Release|Any CPU.Build.0 = Release|Any CPU
		{51EC404C-8F3A-4EAB-93E7-26D8105EA3D3}.Debug|Any CPU.ActiveCfg = Debug|Any CPU
		{51EC404C-8F3A-4EAB-93E7-26D8105EA3D3}.Debug|Any CPU.Build.0 = Debug|Any CPU
		{51EC404C-8F3A-4EAB-93E7-26D8105EA3D3}.Release|Any CPU.ActiveCfg = Release|Any CPU
		{51EC404C-8F3A-4EAB-93E7-26D8105EA3D3}.Release|Any CPU.Build.0 = Release|Any CPU
		{6ABD3C77-321A-4CFD-8B57-A58A52AB7698}.Debug|Any CPU.ActiveCfg = Debug|Any CPU
		{6ABD3C77-321A-4CFD-8B57-A58A52AB7698}.Debug|Any CPU.Build.0 = Debug|Any CPU
		{6ABD3C77-321A-4CFD-8B57-A58A52AB7698}.Release|Any CPU.ActiveCfg = Release|Any CPU
		{6ABD3C77-321A-4CFD-8B57-A58A52AB7698}.Release|Any CPU.Build.0 = Release|Any CPU
		{A395856B-8B26-40F9-8CC8-34D8DC92B60B}.Debug|Any CPU.ActiveCfg = Debug|Any CPU
		{A395856B-8B26-40F9-8CC8-34D8DC92B60B}.Debug|Any CPU.Build.0 = Debug|Any CPU
		{A395856B-8B26-40F9-8CC8-34D8DC92B60B}.Release|Any CPU.ActiveCfg = Release|Any CPU
		{A395856B-8B26-40F9-8CC8-34D8DC92B60B}.Release|Any CPU.Build.0 = Release|Any CPU
		{21370C15-0A19-4570-B1AE-6CCD18290E38}.Debug|Any CPU.ActiveCfg = Debug|Any CPU
		{21370C15-0A19-4570-B1AE-6CCD18290E38}.Debug|Any CPU.Build.0 = Debug|Any CPU
		{21370C15-0A19-4570-B1AE-6CCD18290E38}.Release|Any CPU.ActiveCfg = Release|Any CPU
		{21370C15-0A19-4570-B1AE-6CCD18290E38}.Release|Any CPU.Build.0 = Release|Any CPU
		{0D304855-E242-4D8C-A173-FC35DA236AED}.Debug|Any CPU.ActiveCfg = Debug|Any CPU
		{0D304855-E242-4D8C-A173-FC35DA236AED}.Debug|Any CPU.Build.0 = Debug|Any CPU
		{0D304855-E242-4D8C-A173-FC35DA236AED}.Release|Any CPU.ActiveCfg = Release|Any CPU
		{0D304855-E242-4D8C-A173-FC35DA236AED}.Release|Any CPU.Build.0 = Release|Any CPU
		{50E2DAE4-6137-4028-B885-808310187E47}.Debug|Any CPU.ActiveCfg = Debug|Any CPU
		{50E2DAE4-6137-4028-B885-808310187E47}.Debug|Any CPU.Build.0 = Debug|Any CPU
		{50E2DAE4-6137-4028-B885-808310187E47}.Release|Any CPU.ActiveCfg = Release|Any CPU
		{50E2DAE4-6137-4028-B885-808310187E47}.Release|Any CPU.Build.0 = Release|Any CPU
		{631A22BC-AC4C-4EC7-88C6-9901EA74E86C}.Debug|Any CPU.ActiveCfg = Debug|Any CPU
		{631A22BC-AC4C-4EC7-88C6-9901EA74E86C}.Debug|Any CPU.Build.0 = Debug|Any CPU
		{631A22BC-AC4C-4EC7-88C6-9901EA74E86C}.Release|Any CPU.ActiveCfg = Release|Any CPU
		{631A22BC-AC4C-4EC7-88C6-9901EA74E86C}.Release|Any CPU.Build.0 = Release|Any CPU
		{0AEF4F47-AF5B-45F5-86F3-868B68091B90}.Debug|Any CPU.ActiveCfg = Debug|Any CPU
		{0AEF4F47-AF5B-45F5-86F3-868B68091B90}.Debug|Any CPU.Build.0 = Debug|Any CPU
		{0AEF4F47-AF5B-45F5-86F3-868B68091B90}.Release|Any CPU.ActiveCfg = Release|Any CPU
		{0AEF4F47-AF5B-45F5-86F3-868B68091B90}.Release|Any CPU.Build.0 = Release|Any CPU
		{7DDD3293-5C96-4DEF-AB54-E47F77A8384D}.Debug|Any CPU.ActiveCfg = Debug|Any CPU
		{7DDD3293-5C96-4DEF-AB54-E47F77A8384D}.Debug|Any CPU.Build.0 = Debug|Any CPU
		{7DDD3293-5C96-4DEF-AB54-E47F77A8384D}.Release|Any CPU.ActiveCfg = Release|Any CPU
		{7DDD3293-5C96-4DEF-AB54-E47F77A8384D}.Release|Any CPU.Build.0 = Release|Any CPU
		{9E316D38-E54B-4BEC-8B70-E90B24C4499C}.Debug|Any CPU.ActiveCfg = Debug|Any CPU
		{9E316D38-E54B-4BEC-8B70-E90B24C4499C}.Debug|Any CPU.Build.0 = Debug|Any CPU
		{9E316D38-E54B-4BEC-8B70-E90B24C4499C}.Release|Any CPU.ActiveCfg = Release|Any CPU
		{9E316D38-E54B-4BEC-8B70-E90B24C4499C}.Release|Any CPU.Build.0 = Release|Any CPU
		{9A31EA61-B52D-4238-88C5-CF87CBFA82B8}.Debug|Any CPU.ActiveCfg = Debug|Any CPU
		{9A31EA61-B52D-4238-88C5-CF87CBFA82B8}.Debug|Any CPU.Build.0 = Debug|Any CPU
		{9A31EA61-B52D-4238-88C5-CF87CBFA82B8}.Release|Any CPU.ActiveCfg = Release|Any CPU
		{9A31EA61-B52D-4238-88C5-CF87CBFA82B8}.Release|Any CPU.Build.0 = Release|Any CPU
		{68840D65-8A2C-4A41-9D94-2AF56DD791FE}.Debug|Any CPU.ActiveCfg = Debug|Any CPU
		{68840D65-8A2C-4A41-9D94-2AF56DD791FE}.Debug|Any CPU.Build.0 = Debug|Any CPU
		{68840D65-8A2C-4A41-9D94-2AF56DD791FE}.Release|Any CPU.ActiveCfg = Release|Any CPU
		{68840D65-8A2C-4A41-9D94-2AF56DD791FE}.Release|Any CPU.Build.0 = Release|Any CPU
		{2295B9F6-0725-4246-853D-07998409D6A2}.Debug|Any CPU.ActiveCfg = Debug|Any CPU
		{2295B9F6-0725-4246-853D-07998409D6A2}.Debug|Any CPU.Build.0 = Debug|Any CPU
		{2295B9F6-0725-4246-853D-07998409D6A2}.Release|Any CPU.ActiveCfg = Release|Any CPU
		{2295B9F6-0725-4246-853D-07998409D6A2}.Release|Any CPU.Build.0 = Release|Any CPU
		{BF97C521-FEBD-434E-A10D-8CA98950BA34}.Debug|Any CPU.ActiveCfg = Debug|Any CPU
		{BF97C521-FEBD-434E-A10D-8CA98950BA34}.Debug|Any CPU.Build.0 = Debug|Any CPU
		{BF97C521-FEBD-434E-A10D-8CA98950BA34}.Release|Any CPU.ActiveCfg = Release|Any CPU
		{BF97C521-FEBD-434E-A10D-8CA98950BA34}.Release|Any CPU.Build.0 = Release|Any CPU
		{C5839B2D-91F4-437C-AF71-788DC779A427}.Debug|Any CPU.ActiveCfg = Debug|Any CPU
		{C5839B2D-91F4-437C-AF71-788DC779A427}.Debug|Any CPU.Build.0 = Debug|Any CPU
		{C5839B2D-91F4-437C-AF71-788DC779A427}.Release|Any CPU.ActiveCfg = Release|Any CPU
		{C5839B2D-91F4-437C-AF71-788DC779A427}.Release|Any CPU.Build.0 = Release|Any CPU
		{C2618201-6CD0-4FCF-BB82-29BA5DCF63E8}.Debug|Any CPU.ActiveCfg = Debug|Any CPU
		{C2618201-6CD0-4FCF-BB82-29BA5DCF63E8}.Debug|Any CPU.Build.0 = Debug|Any CPU
		{C2618201-6CD0-4FCF-BB82-29BA5DCF63E8}.Release|Any CPU.ActiveCfg = Release|Any CPU
		{C2618201-6CD0-4FCF-BB82-29BA5DCF63E8}.Release|Any CPU.Build.0 = Release|Any CPU
	EndGlobalSection
	GlobalSection(SolutionProperties) = preSolution
		HideSolutionNode = FALSE
	EndGlobalSection
	GlobalSection(NestedProjects) = preSolution
		{0C755271-B2C3-4728-8AB5-8EE63666ED33} = {36900629-17B2-4AB4-8BA1-B8BD86695710}
		{109832E2-2984-4C49-B0C1-7309B3DB4DAB} = {E6F7A20E-6AB5-46FA-BA37-2E63D93B4661}
		{48551DB2-DA5D-481F-B6C7-3C4373BAB214} = {109832E2-2984-4C49-B0C1-7309B3DB4DAB}
		{E8E61E18-3913-4E0D-9A5F-7E337E1FAE4A} = {48551DB2-DA5D-481F-B6C7-3C4373BAB214}
		{DD4554BB-C854-441F-9BAC-7A27C07F6E97} = {109832E2-2984-4C49-B0C1-7309B3DB4DAB}
		{5BA8D984-AD04-4B9F-8A6C-61D61DBCAD48} = {DD4554BB-C854-441F-9BAC-7A27C07F6E97}
		{51EC404C-8F3A-4EAB-93E7-26D8105EA3D3} = {DD4554BB-C854-441F-9BAC-7A27C07F6E97}
		{13ACEA21-B126-41E9-B35E-AAB147F2FE4F} = {109832E2-2984-4C49-B0C1-7309B3DB4DAB}
		{6ABD3C77-321A-4CFD-8B57-A58A52AB7698} = {13ACEA21-B126-41E9-B35E-AAB147F2FE4F}
		{A395856B-8B26-40F9-8CC8-34D8DC92B60B} = {36900629-17B2-4AB4-8BA1-B8BD86695710}
		{79B78A98-AC05-4430-A2B3-F36FCE872BEF} = {E6F7A20E-6AB5-46FA-BA37-2E63D93B4661}
		{3ED0DFE3-F289-412A-80DA-06285AB42E6F} = {79B78A98-AC05-4430-A2B3-F36FCE872BEF}
		{0D304855-E242-4D8C-A173-FC35DA236AED} = {3ED0DFE3-F289-412A-80DA-06285AB42E6F}
		{7DC85928-C843-42E5-A8A8-B962CE387985} = {79B78A98-AC05-4430-A2B3-F36FCE872BEF}
		{50E2DAE4-6137-4028-B885-808310187E47} = {7DC85928-C843-42E5-A8A8-B962CE387985}
		{631A22BC-AC4C-4EC7-88C6-9901EA74E86C} = {7DC85928-C843-42E5-A8A8-B962CE387985}
		{02C681E7-D0DB-4A7E-B8AD-A45F75216877} = {79B78A98-AC05-4430-A2B3-F36FCE872BEF}
		{0AEF4F47-AF5B-45F5-86F3-868B68091B90} = {02C681E7-D0DB-4A7E-B8AD-A45F75216877}
		{9E316D38-E54B-4BEC-8B70-E90B24C4499C} = {36900629-17B2-4AB4-8BA1-B8BD86695710}
		{7DDD3293-5C96-4DEF-AB54-E47F77A8384D} = {36900629-17B2-4AB4-8BA1-B8BD86695710}
		{9A31EA61-B52D-4238-88C5-CF87CBFA82B8} = {36900629-17B2-4AB4-8BA1-B8BD86695710}
		{F7ABDCB6-7892-4EB7-B8F1-51D51A3A9C16} = {E6F7A20E-6AB5-46FA-BA37-2E63D93B4661}
		{34B3612F-C2C9-42FF-8A80-7AC0EA854413} = {F7ABDCB6-7892-4EB7-B8F1-51D51A3A9C16}
		{3D02CBF5-CF4B-4646-8E89-22B358135B8B} = {F7ABDCB6-7892-4EB7-B8F1-51D51A3A9C16}
		{6569A0BE-BD5F-44C6-A05A-4C01AC959F7D} = {F7ABDCB6-7892-4EB7-B8F1-51D51A3A9C16}
		{68840D65-8A2C-4A41-9D94-2AF56DD791FE} = {3D02CBF5-CF4B-4646-8E89-22B358135B8B}
		{2295B9F6-0725-4246-853D-07998409D6A2} = {34B3612F-C2C9-42FF-8A80-7AC0EA854413}
		{BF97C521-FEBD-434E-A10D-8CA98950BA34} = {34B3612F-C2C9-42FF-8A80-7AC0EA854413}
		{C5839B2D-91F4-437C-AF71-788DC779A427} = {6569A0BE-BD5F-44C6-A05A-4C01AC959F7D}
		{C2618201-6CD0-4FCF-BB82-29BA5DCF63E8} = {36900629-17B2-4AB4-8BA1-B8BD86695710}
	EndGlobalSection
	GlobalSection(ExtensibilityGlobals) = postSolution
		SolutionGuid = {AD7BE055-5997-458D-BEE0-619101DD6E4F}
	EndGlobalSection
EndGlobal
