
Microsoft Visual Studio Solution File, Format Version 12.00
# Visual Studio Version 17
VisualStudioVersion = 17.6.33815.320
MinimumVisualStudioVersion = 10.0.40219.1
Project("{9A19103F-16F7-4668-BE54-9A1E7A4F7556}") = "TinyCRM.API", "TinyCRM.API\TinyCRM.API.csproj", "{79AD331B-A337-4EF3-AA23-4BE7FE9BC32D}"
EndProject
Project("{9A19103F-16F7-4668-BE54-9A1E7A4F7556}") = "TinyCRM.Domain", "TinyCRM.Domain\TinyCRM.Domain.csproj", "{11D3596E-9856-4351-9073-9631211439BF}"
EndProject
Project("{9A19103F-16F7-4668-BE54-9A1E7A4F7556}") = "TinyCRM.EntityFrameworkCore", "TinyCRM.EntityFrameworkCore\TinyCRM.EntityFrameworkCore.csproj", "{548F9708-4A32-4484-ABBF-F600BBC714A3}"
EndProject
Project("{9A19103F-16F7-4668-BE54-9A1E7A4F7556}") = "TinyCRM.Application", "TinyCRM.Application\TinyCRM.Application.csproj", "{5A518988-3642-4B46-97D3-94C3448C3C2D}"
EndProject
Project("{2150E333-8FDC-42A3-9474-1A3956D46DE8}") = "Core", "Core", "{0296BF0E-5C45-4135-86BE-045BF4664A31}"
EndProject
Project("{2150E333-8FDC-42A3-9474-1A3956D46DE8}") = "Presentation", "Presentation", "{3E7724F7-A789-4FCE-9842-1D161CDF7247}"
EndProject
Project("{2150E333-8FDC-42A3-9474-1A3956D46DE8}") = "Infrastructure", "Infrastructure", "{FADC2768-B267-456A-A327-45EEAFAAAF20}"
EndProject
Project("{9A19103F-16F7-4668-BE54-9A1E7A4F7556}") = "TinyCRM.Identity", "TinyCRM.Identity\TinyCRM.Identity.csproj", "{1F2E1220-9130-4FF6-AF67-5AFCC9966ED2}"
EndProject
Project("{9A19103F-16F7-4668-BE54-9A1E7A4F7556}") = "TinyCRM.RedisCache", "TinyCRM.RedisCache\TinyCRM.RedisCache.csproj", "{F07049FA-55A7-44DE-9661-4290D0A48E93}"
EndProject
Project("{2150E333-8FDC-42A3-9474-1A3956D46DE8}") = "BuildingBlocks", "BuildingBlocks", "{36900629-17B2-4AB4-8BA1-B8BD86695710}"
EndProject
Project("{9A19103F-16F7-4668-BE54-9A1E7A4F7556}") = "TinyCRM.Core", "BuildingBlocks\TinyCRM.Core\TinyCRM.Core.csproj", "{0C755271-B2C3-4728-8AB5-8EE63666ED33}"
EndProject
Project("{2150E333-8FDC-42A3-9474-1A3956D46DE8}") = "Services", "Services", "{E6F7A20E-6AB5-46FA-BA37-2E63D93B4661}"
EndProject
Project("{2150E333-8FDC-42A3-9474-1A3956D46DE8}") = "Product", "Product", "{109832E2-2984-4C49-B0C1-7309B3DB4DAB}"
EndProject
Project("{2150E333-8FDC-42A3-9474-1A3956D46DE8}") = "Presentation", "Presentation", "{48551DB2-DA5D-481F-B6C7-3C4373BAB214}"
EndProject
Project("{9A19103F-16F7-4668-BE54-9A1E7A4F7556}") = "TinyCRM.ProductManagement.API", "Services\Product\Presentation\TinyCRM.ProductManagement.API\TinyCRM.ProductManagement.API.csproj", "{E8E61E18-3913-4E0D-9A5F-7E337E1FAE4A}"
EndProject
Project("{2150E333-8FDC-42A3-9474-1A3956D46DE8}") = "Core", "Core", "{DD4554BB-C854-441F-9BAC-7A27C07F6E97}"
EndProject
Project("{9A19103F-16F7-4668-BE54-9A1E7A4F7556}") = "TinyCRM.ProductManagement.Application", "Services\Product\Core\TinyCRM.ProductManagement.Application\TinyCRM.ProductManagement.Application.csproj", "{5BA8D984-AD04-4B9F-8A6C-61D61DBCAD48}"
EndProject
Project("{9A19103F-16F7-4668-BE54-9A1E7A4F7556}") = "TinyCRM.ProductManagement.Domain", "Services\Product\Core\TinyCRM.ProductManagement.Domain\TinyCRM.ProductManagement.Domain.csproj", "{51EC404C-8F3A-4EAB-93E7-26D8105EA3D3}"
EndProject
Project("{2150E333-8FDC-42A3-9474-1A3956D46DE8}") = "Infrastructure", "Infrastructure", "{13ACEA21-B126-41E9-B35E-AAB147F2FE4F}"
EndProject
Project("{9A19103F-16F7-4668-BE54-9A1E7A4F7556}") = "TinyCRM.ProductManagement.EntityFrameworkCore", "Services\Product\Infrastructure\TinyCRM.ProductManagement.EntityFrameworkCore\TinyCRM.ProductManagement.EntityFrameworkCore.csproj", "{6ABD3C77-321A-4CFD-8B57-A58A52AB7698}"
EndProject
Project("{9A19103F-16F7-4668-BE54-9A1E7A4F7556}") = "TinyCRM.EntityFrameworkCore", "BuildingBlocks\TinyCRM.EntityFrameworkCore\TinyCRM.EntityFrameworkCore.csproj", "{A395856B-8B26-40F9-8CC8-34D8DC92B60B}"
EndProject
Project("{FAE04EC0-301F-11D3-BF4B-00C04F79EFBC}") = "TinyCRM.ApiGateway", "TinyCRM.ApiGateway\TinyCRM.ApiGateway.csproj", "{21370C15-0A19-4570-B1AE-6CCD18290E38}"
EndProject
Project("{2150E333-8FDC-42A3-9474-1A3956D46DE8}") = "Deal", "Deal", "{8C36584D-D7E9-46F6-93C7-090B44F05EA3}"
EndProject
Project("{2150E333-8FDC-42A3-9474-1A3956D46DE8}") = "Presentation", "Presentation", "{A11EA60F-2736-4CD7-87D2-7949BB646A38}"
EndProject
Project("{FAE04EC0-301F-11D3-BF4B-00C04F79EFBC}") = "TinyCRM.DealManagement.API", "Services\Deal\Presentation\TinyCRM.DealManagement.API\TinyCRM.DealManagement.API.csproj", "{1A4B3ED9-99B2-4E3A-BE23-22B3B81E8ED3}"
EndProject
Project("{2150E333-8FDC-42A3-9474-1A3956D46DE8}") = "Core", "Core", "{5525D144-CE07-4EBA-9A57-4C39CB93CA05}"
EndProject
Project("{2150E333-8FDC-42A3-9474-1A3956D46DE8}") = "Infrastructure", "Infrastructure", "{1559037B-1056-4D54-829D-12511D03EAB2}"
EndProject
Project("{FAE04EC0-301F-11D3-BF4B-00C04F79EFBC}") = "TinyCRM.DealManagement.Domain", "Services\Deal\Core\TinyCRM.DealManagement.Domain\TinyCRM.DealManagement.Domain.csproj", "{69ABCBFE-2E44-4C88-B3B0-D02B821075E5}"
EndProject
Project("{FAE04EC0-301F-11D3-BF4B-00C04F79EFBC}") = "TinyCRM.DealManagement.EntityFrameworkCore", "Services\Deal\Infrastructure\TinyCRM.DealManagement.EntityFrameworkCore\TinyCRM.DealManagement.EntityFrameworkCore.csproj", "{E0CC18D8-FA83-4C45-AC6E-B3832C98113C}"
EndProject
Global
	GlobalSection(SolutionConfigurationPlatforms) = preSolution
		Debug|Any CPU = Debug|Any CPU
		Release|Any CPU = Release|Any CPU
	EndGlobalSection
	GlobalSection(ProjectConfigurationPlatforms) = postSolution
		{79AD331B-A337-4EF3-AA23-4BE7FE9BC32D}.Debug|Any CPU.ActiveCfg = Debug|Any CPU
		{79AD331B-A337-4EF3-AA23-4BE7FE9BC32D}.Debug|Any CPU.Build.0 = Debug|Any CPU
		{79AD331B-A337-4EF3-AA23-4BE7FE9BC32D}.Release|Any CPU.ActiveCfg = Release|Any CPU
		{79AD331B-A337-4EF3-AA23-4BE7FE9BC32D}.Release|Any CPU.Build.0 = Release|Any CPU
		{11D3596E-9856-4351-9073-9631211439BF}.Debug|Any CPU.ActiveCfg = Debug|Any CPU
		{11D3596E-9856-4351-9073-9631211439BF}.Debug|Any CPU.Build.0 = Debug|Any CPU
		{11D3596E-9856-4351-9073-9631211439BF}.Release|Any CPU.ActiveCfg = Release|Any CPU
		{11D3596E-9856-4351-9073-9631211439BF}.Release|Any CPU.Build.0 = Release|Any CPU
		{548F9708-4A32-4484-ABBF-F600BBC714A3}.Debug|Any CPU.ActiveCfg = Debug|Any CPU
		{548F9708-4A32-4484-ABBF-F600BBC714A3}.Debug|Any CPU.Build.0 = Debug|Any CPU
		{548F9708-4A32-4484-ABBF-F600BBC714A3}.Release|Any CPU.ActiveCfg = Release|Any CPU
		{548F9708-4A32-4484-ABBF-F600BBC714A3}.Release|Any CPU.Build.0 = Release|Any CPU
		{5A518988-3642-4B46-97D3-94C3448C3C2D}.Debug|Any CPU.ActiveCfg = Debug|Any CPU
		{5A518988-3642-4B46-97D3-94C3448C3C2D}.Debug|Any CPU.Build.0 = Debug|Any CPU
		{5A518988-3642-4B46-97D3-94C3448C3C2D}.Release|Any CPU.ActiveCfg = Release|Any CPU
		{5A518988-3642-4B46-97D3-94C3448C3C2D}.Release|Any CPU.Build.0 = Release|Any CPU
		{1F2E1220-9130-4FF6-AF67-5AFCC9966ED2}.Debug|Any CPU.ActiveCfg = Debug|Any CPU
		{1F2E1220-9130-4FF6-AF67-5AFCC9966ED2}.Debug|Any CPU.Build.0 = Debug|Any CPU
		{1F2E1220-9130-4FF6-AF67-5AFCC9966ED2}.Release|Any CPU.ActiveCfg = Release|Any CPU
		{1F2E1220-9130-4FF6-AF67-5AFCC9966ED2}.Release|Any CPU.Build.0 = Release|Any CPU
		{F07049FA-55A7-44DE-9661-4290D0A48E93}.Debug|Any CPU.ActiveCfg = Debug|Any CPU
		{F07049FA-55A7-44DE-9661-4290D0A48E93}.Debug|Any CPU.Build.0 = Debug|Any CPU
		{F07049FA-55A7-44DE-9661-4290D0A48E93}.Release|Any CPU.ActiveCfg = Release|Any CPU
		{F07049FA-55A7-44DE-9661-4290D0A48E93}.Release|Any CPU.Build.0 = Release|Any CPU
		{0C755271-B2C3-4728-8AB5-8EE63666ED33}.Debug|Any CPU.ActiveCfg = Debug|Any CPU
		{0C755271-B2C3-4728-8AB5-8EE63666ED33}.Debug|Any CPU.Build.0 = Debug|Any CPU
		{0C755271-B2C3-4728-8AB5-8EE63666ED33}.Release|Any CPU.ActiveCfg = Release|Any CPU
		{0C755271-B2C3-4728-8AB5-8EE63666ED33}.Release|Any CPU.Build.0 = Release|Any CPU
		{E8E61E18-3913-4E0D-9A5F-7E337E1FAE4A}.Debug|Any CPU.ActiveCfg = Debug|Any CPU
		{E8E61E18-3913-4E0D-9A5F-7E337E1FAE4A}.Debug|Any CPU.Build.0 = Debug|Any CPU
		{E8E61E18-3913-4E0D-9A5F-7E337E1FAE4A}.Release|Any CPU.ActiveCfg = Release|Any CPU
		{E8E61E18-3913-4E0D-9A5F-7E337E1FAE4A}.Release|Any CPU.Build.0 = Release|Any CPU
		{5BA8D984-AD04-4B9F-8A6C-61D61DBCAD48}.Debug|Any CPU.ActiveCfg = Debug|Any CPU
		{5BA8D984-AD04-4B9F-8A6C-61D61DBCAD48}.Debug|Any CPU.Build.0 = Debug|Any CPU
		{5BA8D984-AD04-4B9F-8A6C-61D61DBCAD48}.Release|Any CPU.ActiveCfg = Release|Any CPU
		{5BA8D984-AD04-4B9F-8A6C-61D61DBCAD48}.Release|Any CPU.Build.0 = Release|Any CPU
		{51EC404C-8F3A-4EAB-93E7-26D8105EA3D3}.Debug|Any CPU.ActiveCfg = Debug|Any CPU
		{51EC404C-8F3A-4EAB-93E7-26D8105EA3D3}.Debug|Any CPU.Build.0 = Debug|Any CPU
		{51EC404C-8F3A-4EAB-93E7-26D8105EA3D3}.Release|Any CPU.ActiveCfg = Release|Any CPU
		{51EC404C-8F3A-4EAB-93E7-26D8105EA3D3}.Release|Any CPU.Build.0 = Release|Any CPU
		{6ABD3C77-321A-4CFD-8B57-A58A52AB7698}.Debug|Any CPU.ActiveCfg = Debug|Any CPU
		{6ABD3C77-321A-4CFD-8B57-A58A52AB7698}.Debug|Any CPU.Build.0 = Debug|Any CPU
		{6ABD3C77-321A-4CFD-8B57-A58A52AB7698}.Release|Any CPU.ActiveCfg = Release|Any CPU
		{6ABD3C77-321A-4CFD-8B57-A58A52AB7698}.Release|Any CPU.Build.0 = Release|Any CPU
		{A395856B-8B26-40F9-8CC8-34D8DC92B60B}.Debug|Any CPU.ActiveCfg = Debug|Any CPU
		{A395856B-8B26-40F9-8CC8-34D8DC92B60B}.Debug|Any CPU.Build.0 = Debug|Any CPU
		{A395856B-8B26-40F9-8CC8-34D8DC92B60B}.Release|Any CPU.ActiveCfg = Release|Any CPU
		{A395856B-8B26-40F9-8CC8-34D8DC92B60B}.Release|Any CPU.Build.0 = Release|Any CPU
		{21370C15-0A19-4570-B1AE-6CCD18290E38}.Debug|Any CPU.ActiveCfg = Debug|Any CPU
		{21370C15-0A19-4570-B1AE-6CCD18290E38}.Debug|Any CPU.Build.0 = Debug|Any CPU
		{21370C15-0A19-4570-B1AE-6CCD18290E38}.Release|Any CPU.ActiveCfg = Release|Any CPU
		{21370C15-0A19-4570-B1AE-6CCD18290E38}.Release|Any CPU.Build.0 = Release|Any CPU
		{1A4B3ED9-99B2-4E3A-BE23-22B3B81E8ED3}.Debug|Any CPU.ActiveCfg = Debug|Any CPU
		{1A4B3ED9-99B2-4E3A-BE23-22B3B81E8ED3}.Debug|Any CPU.Build.0 = Debug|Any CPU
		{1A4B3ED9-99B2-4E3A-BE23-22B3B81E8ED3}.Release|Any CPU.ActiveCfg = Release|Any CPU
		{1A4B3ED9-99B2-4E3A-BE23-22B3B81E8ED3}.Release|Any CPU.Build.0 = Release|Any CPU
		{69ABCBFE-2E44-4C88-B3B0-D02B821075E5}.Debug|Any CPU.ActiveCfg = Debug|Any CPU
		{69ABCBFE-2E44-4C88-B3B0-D02B821075E5}.Debug|Any CPU.Build.0 = Debug|Any CPU
		{69ABCBFE-2E44-4C88-B3B0-D02B821075E5}.Release|Any CPU.ActiveCfg = Release|Any CPU
		{69ABCBFE-2E44-4C88-B3B0-D02B821075E5}.Release|Any CPU.Build.0 = Release|Any CPU
		{E0CC18D8-FA83-4C45-AC6E-B3832C98113C}.Debug|Any CPU.ActiveCfg = Debug|Any CPU
		{E0CC18D8-FA83-4C45-AC6E-B3832C98113C}.Debug|Any CPU.Build.0 = Debug|Any CPU
		{E0CC18D8-FA83-4C45-AC6E-B3832C98113C}.Release|Any CPU.ActiveCfg = Release|Any CPU
		{E0CC18D8-FA83-4C45-AC6E-B3832C98113C}.Release|Any CPU.Build.0 = Release|Any CPU
	EndGlobalSection
	GlobalSection(SolutionProperties) = preSolution
		HideSolutionNode = FALSE
	EndGlobalSection
	GlobalSection(NestedProjects) = preSolution
		{79AD331B-A337-4EF3-AA23-4BE7FE9BC32D} = {3E7724F7-A789-4FCE-9842-1D161CDF7247}
		{11D3596E-9856-4351-9073-9631211439BF} = {0296BF0E-5C45-4135-86BE-045BF4664A31}
		{548F9708-4A32-4484-ABBF-F600BBC714A3} = {FADC2768-B267-456A-A327-45EEAFAAAF20}
		{5A518988-3642-4B46-97D3-94C3448C3C2D} = {0296BF0E-5C45-4135-86BE-045BF4664A31}
		{1F2E1220-9130-4FF6-AF67-5AFCC9966ED2} = {FADC2768-B267-456A-A327-45EEAFAAAF20}
		{F07049FA-55A7-44DE-9661-4290D0A48E93} = {FADC2768-B267-456A-A327-45EEAFAAAF20}
		{0C755271-B2C3-4728-8AB5-8EE63666ED33} = {36900629-17B2-4AB4-8BA1-B8BD86695710}
		{109832E2-2984-4C49-B0C1-7309B3DB4DAB} = {E6F7A20E-6AB5-46FA-BA37-2E63D93B4661}
		{48551DB2-DA5D-481F-B6C7-3C4373BAB214} = {109832E2-2984-4C49-B0C1-7309B3DB4DAB}
		{E8E61E18-3913-4E0D-9A5F-7E337E1FAE4A} = {48551DB2-DA5D-481F-B6C7-3C4373BAB214}
		{DD4554BB-C854-441F-9BAC-7A27C07F6E97} = {109832E2-2984-4C49-B0C1-7309B3DB4DAB}
		{5BA8D984-AD04-4B9F-8A6C-61D61DBCAD48} = {DD4554BB-C854-441F-9BAC-7A27C07F6E97}
		{51EC404C-8F3A-4EAB-93E7-26D8105EA3D3} = {DD4554BB-C854-441F-9BAC-7A27C07F6E97}
		{13ACEA21-B126-41E9-B35E-AAB147F2FE4F} = {109832E2-2984-4C49-B0C1-7309B3DB4DAB}
		{6ABD3C77-321A-4CFD-8B57-A58A52AB7698} = {13ACEA21-B126-41E9-B35E-AAB147F2FE4F}
		{A395856B-8B26-40F9-8CC8-34D8DC92B60B} = {36900629-17B2-4AB4-8BA1-B8BD86695710}
		{8C36584D-D7E9-46F6-93C7-090B44F05EA3} = {E6F7A20E-6AB5-46FA-BA37-2E63D93B4661}
		{A11EA60F-2736-4CD7-87D2-7949BB646A38} = {8C36584D-D7E9-46F6-93C7-090B44F05EA3}
		{1A4B3ED9-99B2-4E3A-BE23-22B3B81E8ED3} = {A11EA60F-2736-4CD7-87D2-7949BB646A38}
		{5525D144-CE07-4EBA-9A57-4C39CB93CA05} = {8C36584D-D7E9-46F6-93C7-090B44F05EA3}
		{1559037B-1056-4D54-829D-12511D03EAB2} = {8C36584D-D7E9-46F6-93C7-090B44F05EA3}
		{69ABCBFE-2E44-4C88-B3B0-D02B821075E5} = {5525D144-CE07-4EBA-9A57-4C39CB93CA05}
		{E0CC18D8-FA83-4C45-AC6E-B3832C98113C} = {1559037B-1056-4D54-829D-12511D03EAB2}
	EndGlobalSection
	GlobalSection(ExtensibilityGlobals) = postSolution
		SolutionGuid = {AD7BE055-5997-458D-BEE0-619101DD6E4F}
	EndGlobalSection
EndGlobal
